<Solution>
  <Folder Name="/src/">
    <Project Path="src/LeaveManagement.Application/LeaveManagement.Application.csproj" />
    <Project Path="src/LeaveManagement.Domain/LeaveManagement.Domain.csproj" />
    <Project Path="src/LeaveManagement.Infrastructure/LeaveManagement.Infrastructure.csproj" />
    <Project Path="src/LeaveManagement.Web/LeaveManagement.Web.csproj" />
  </Folder>
  <Folder Name="/tests/">
    <Project Path="tests/LeaveManagement.Tests/LeaveManagement.Tests.csproj" />
  </Folder>
</Solution>
